
Microsoft Visual Studio Solution File, Format Version 12.00
# Visual Studio 15
VisualStudioVersion = 15.0.28307.539
MinimumVisualStudioVersion = 10.0.40219.1
Project("{FAE04EC0-301F-11D3-BF4B-00C04F79EFBC}") = "AskK", "AskK.csproj", "{99F209E4-BF80-48EE-A7AB-05892AC35F11}"
EndProject
Global
	GlobalSection(SolutionConfigurationPlatforms) = preSolution
		Debug|Any CPU = Debug|Any CPU
		Release|Any CPU = Release|Any CPU
	EndGlobalSection
	GlobalSection(ProjectConfigurationPlatforms) = postSolution
		{99F209E4-BF80-48EE-A7AB-05892AC35F11}.Debug|Any CPU.ActiveCfg = Debug|Any CPU
		{99F209E4-BF80-48EE-A7AB-05892AC35F11}.Debug|Any CPU.Build.0 = Debug|Any CPU
		{99F209E4-BF80-48EE-A7AB-05892AC35F11}.Release|Any CPU.ActiveCfg = Release|Any CPU
		{99F209E4-BF80-48EE-A7AB-05892AC35F11}.Release|Any CPU.Build.0 = Release|Any CPU
	EndGlobalSection
	GlobalSection(SolutionProperties) = preSolution
		HideSolutionNode = FALSE
	EndGlobalSection
	GlobalSection(ExtensibilityGlobals) = postSolution
		SolutionGuid = {952F607E-FB5E-4F69-A374-E8FC40082CF7}
	EndGlobalSection
EndGlobal
